// !$*UTF8*$!
{
	archiveVersion = 1;
	classes = {
	};
	objectVersion = 56;
	objects = {

/* Begin PBXBuildFile section */
		BED1DEBC2BD4EE2F007FAED1 /* AppDelegate.swift in Sources */ = {isa = PBXBuildFile; fileRef = BED1DEBB2BD4EE2F007FAED1 /* AppDelegate.swift */; };
		BED1DEBE2BD4EE2F007FAED1 /* SceneDelegate.swift in Sources */ = {isa = PBXBuildFile; fileRef = BED1DEBD2BD4EE2F007FAED1 /* SceneDelegate.swift */; };
		BED1DEC02BD4EE2F007FAED1 /* LoginViewController.swift in Sources */ = {isa = PBXBuildFile; fileRef = BED1DEBF2BD4EE2F007FAED1 /* LoginViewController.swift */; };
		BED1DEC32BD4EE2F007FAED1 /* Main.storyboard in Resources */ = {isa = PBXBuildFile; fileRef = BED1DEC12BD4EE2F007FAED1 /* Main.storyboard */; };
		BED1DEC52BD4EE30007FAED1 /* Assets.xcassets in Resources */ = {isa = PBXBuildFile; fileRef = BED1DEC42BD4EE30007FAED1 /* Assets.xcassets */; };
		BED1DEC82BD4EE30007FAED1 /* LaunchScreen.storyboard in Resources */ = {isa = PBXBuildFile; fileRef = BED1DEC62BD4EE30007FAED1 /* LaunchScreen.storyboard */; };
		BED1DED42BD4F964007FAED1 /* LoginViewModel.swift in Sources */ = {isa = PBXBuildFile; fileRef = BED1DED32BD4F964007FAED1 /* LoginViewModel.swift */; };
		BED1DED62BD50396007FAED1 /* LoginViewCoordinator.swift in Sources */ = {isa = PBXBuildFile; fileRef = BED1DED52BD50396007FAED1 /* LoginViewCoordinator.swift */; };
		BED1DED82BD504D9007FAED1 /* ForgotPasswordViewController.swift in Sources */ = {isa = PBXBuildFile; fileRef = BED1DED72BD504D9007FAED1 /* ForgotPasswordViewController.swift */; };
		BED1DEDA2BD504F3007FAED1 /* ForgotPassword.storyboard in Resources */ = {isa = PBXBuildFile; fileRef = BED1DED92BD504F3007FAED1 /* ForgotPassword.storyboard */; };
/* End PBXBuildFile section */

/* Begin PBXFileReference section */
		BED1DEB82BD4EE2F007FAED1 /* MVVMCPattern.app */ = {isa = PBXFileReference; explicitFileType = wrapper.application; includeInIndex = 0; path = MVVMCPattern.app; sourceTree = BUILT_PRODUCTS_DIR; };
		BED1DEBB2BD4EE2F007FAED1 /* AppDelegate.swift */ = {isa = PBXFileReference; lastKnownFileType = sourcecode.swift; path = AppDelegate.swift; sourceTree = "<group>"; };
		BED1DEBD2BD4EE2F007FAED1 /* SceneDelegate.swift */ = {isa = PBXFileReference; lastKnownFileType = sourcecode.swift; path = SceneDelegate.swift; sourceTree = "<group>"; };
		BED1DEBF2BD4EE2F007FAED1 /* LoginViewController.swift */ = {isa = PBXFileReference; lastKnownFileType = sourcecode.swift; path = LoginViewController.swift; sourceTree = "<group>"; };
		BED1DEC22BD4EE2F007FAED1 /* Base */ = {isa = PBXFileReference; lastKnownFileType = file.storyboard; name = Base; path = Base.lproj/Main.storyboard; sourceTree = "<group>"; };
		BED1DEC42BD4EE30007FAED1 /* Assets.xcassets */ = {isa = PBXFileReference; lastKnownFileType = folder.assetcatalog; path = Assets.xcassets; sourceTree = "<group>"; };
		BED1DEC72BD4EE30007FAED1 /* Base */ = {isa = PBXFileReference; lastKnownFileType = file.storyboard; name = Base; path = Base.lproj/LaunchScreen.storyboard; sourceTree = "<group>"; };
		BED1DEC92BD4EE30007FAED1 /* Info.plist */ = {isa = PBXFileReference; lastKnownFileType = text.plist.xml; path = Info.plist; sourceTree = "<group>"; };
		BED1DED32BD4F964007FAED1 /* LoginViewModel.swift */ = {isa = PBXFileReference; lastKnownFileType = sourcecode.swift; path = LoginViewModel.swift; sourceTree = "<group>"; };
		BED1DED52BD50396007FAED1 /* LoginViewCoordinator.swift */ = {isa = PBXFileReference; lastKnownFileType = sourcecode.swift; path = LoginViewCoordinator.swift; sourceTree = "<group>"; };
		BED1DED72BD504D9007FAED1 /* ForgotPasswordViewController.swift */ = {isa = PBXFileReference; lastKnownFileType = sourcecode.swift; path = ForgotPasswordViewController.swift; sourceTree = "<group>"; };
		BED1DED92BD504F3007FAED1 /* ForgotPassword.storyboard */ = {isa = PBXFileReference; lastKnownFileType = file.storyboard; path = ForgotPassword.storyboard; sourceTree = "<group>"; };
/* End PBXFileReference section */

/* Begin PBXFrameworksBuildPhase section */
		BED1DEB52BD4EE2F007FAED1 /* Frameworks */ = {
			isa = PBXFrameworksBuildPhase;
			buildActionMask = 2147483647;
			files = (
			);
			runOnlyForDeploymentPostprocessing = 0;
		};
/* End PBXFrameworksBuildPhase section */

/* Begin PBXGroup section */
		BED1DEAF2BD4EE2F007FAED1 = {
			isa = PBXGroup;
			children = (
				BED1DEBA2BD4EE2F007FAED1 /* MVVMCPattern */,
				BED1DEB92BD4EE2F007FAED1 /* Products */,
			);
			sourceTree = "<group>";
		};
		BED1DEB92BD4EE2F007FAED1 /* Products */ = {
			isa = PBXGroup;
			children = (
				BED1DEB82BD4EE2F007FAED1 /* MVVMCPattern.app */,
			);
			name = Products;
			sourceTree = "<group>";
		};
		BED1DEBA2BD4EE2F007FAED1 /* MVVMCPattern */ = {
			isa = PBXGroup;
			children = (
				BED1DED22BD4F92F007FAED1 /* Coordinator */,
				BED1DED12BD4F921007FAED1 /* ViewModel */,
				BED1DED02BD4F918007FAED1 /* View */,
				BED1DECF2BD4F90C007FAED1 /* Model */,
				BED1DEBB2BD4EE2F007FAED1 /* AppDelegate.swift */,
				BED1DEBD2BD4EE2F007FAED1 /* SceneDelegate.swift */,
				BED1DEC12BD4EE2F007FAED1 /* Main.storyboard */,
				BED1DED92BD504F3007FAED1 /* ForgotPassword.storyboard */,
				BED1DEC42BD4EE30007FAED1 /* Assets.xcassets */,
				BED1DEC62BD4EE30007FAED1 /* LaunchScreen.storyboard */,
				BED1DEC92BD4EE30007FAED1 /* Info.plist */,
			);
			path = MVVMCPattern;
			sourceTree = "<group>";
		};
		BED1DECF2BD4F90C007FAED1 /* Model */ = {
			isa = PBXGroup;
			children = (
			);
			path = Model;
			sourceTree = "<group>";
		};
		BED1DED02BD4F918007FAED1 /* View */ = {
			isa = PBXGroup;
			children = (
				BED1DEBF2BD4EE2F007FAED1 /* LoginViewController.swift */,
				BED1DED72BD504D9007FAED1 /* ForgotPasswordViewController.swift */,
			);
			path = View;
			sourceTree = "<group>";
		};
		BED1DED12BD4F921007FAED1 /* ViewModel */ = {
			isa = PBXGroup;
			children = (
				BED1DED32BD4F964007FAED1 /* LoginViewModel.swift */,
			);
			path = ViewModel;
			sourceTree = "<group>";
		};
		BED1DED22BD4F92F007FAED1 /* Coordinator */ = {
			isa = PBXGroup;
			children = (
				BED1DED52BD50396007FAED1 /* LoginViewCoordinator.swift */,
			);
			path = Coordinator;
			sourceTree = "<group>";
		};
/* End PBXGroup section */

/* Begin PBXNativeTarget section */
		BED1DEB72BD4EE2F007FAED1 /* MVVMCPattern */ = {
			isa = PBXNativeTarget;
			buildConfigurationList = BED1DECC2BD4EE30007FAED1 /* Build configuration list for PBXNativeTarget "MVVMCPattern" */;
			buildPhases = (
				BED1DEB42BD4EE2F007FAED1 /* Sources */,
				BED1DEB52BD4EE2F007FAED1 /* Frameworks */,
				BED1DEB62BD4EE2F007FAED1 /* Resources */,
			);
			buildRules = (
			);
			dependencies = (
			);
			name = MVVMCPattern;
			productName = MVVMCPattern;
			productReference = BED1DEB82BD4EE2F007FAED1 /* MVVMCPattern.app */;
			productType = "com.apple.product-type.application";
		};
/* End PBXNativeTarget section */

/* Begin PBXProject section */
		BED1DEB02BD4EE2F007FAED1 /* Project object */ = {
			isa = PBXProject;
			attributes = {
				BuildIndependentTargetsInParallel = 1;
				LastSwiftUpdateCheck = 1510;
				LastUpgradeCheck = 1510;
				TargetAttributes = {
					BED1DEB72BD4EE2F007FAED1 = {
						CreatedOnToolsVersion = 15.1;
					};
				};
			};
			buildConfigurationList = BED1DEB32BD4EE2F007FAED1 /* Build configuration list for PBXProject "MVVMCPattern" */;
			compatibilityVersion = "Xcode 14.0";
			developmentRegion = en;
			hasScannedForEncodings = 0;
			knownRegions = (
				en,
				Base,
			);
			mainGroup = BED1DEAF2BD4EE2F007FAED1;
			productRefGroup = BED1DEB92BD4EE2F007FAED1 /* Products */;
			projectDirPath = "";
			projectRoot = "";
			targets = (
				BED1DEB72BD4EE2F007FAED1 /* MVVMCPattern */,
			);
		};
/* End PBXProject section */

/* Begin PBXResourcesBuildPhase section */
		BED1DEB62BD4EE2F007FAED1 /* Resources */ = {
			isa = PBXResourcesBuildPhase;
			buildActionMask = 2147483647;
			files = (
				BED1DEDA2BD504F3007FAED1 /* ForgotPassword.storyboard in Resources */,
				BED1DEC82BD4EE30007FAED1 /* LaunchScreen.storyboard in Resources */,
				BED1DEC52BD4EE30007FAED1 /* Assets.xcassets in Resources */,
				BED1DEC32BD4EE2F007FAED1 /* Main.storyboard in Resources */,
			);
			runOnlyForDeploymentPostprocessing = 0;
		};
/* End PBXResourcesBuildPhase section */

/* Begin PBXSourcesBuildPhase section */
		BED1DEB42BD4EE2F007FAED1 /* Sources */ = {
			isa = PBXSourcesBuildPhase;
			buildActionMask = 2147483647;
			files = (
				BED1DED42BD4F964007FAED1 /* LoginViewModel.swift in Sources */,
				BED1DEC02BD4EE2F007FAED1 /* LoginViewController.swift in Sources */,
				BED1DED82BD504D9007FAED1 /* ForgotPasswordViewController.swift in Sources */,
				BED1DEBC2BD4EE2F007FAED1 /* AppDelegate.swift in Sources */,
				BED1DED62BD50396007FAED1 /* LoginViewCoordinator.swift in Sources */,
				BED1DEBE2BD4EE2F007FAED1 /* SceneDelegate.swift in Sources */,
			);
			runOnlyForDeploymentPostprocessing = 0;
		};
/* End PBXSourcesBuildPhase section */

/* Begin PBXVariantGroup section */
		BED1DEC12BD4EE2F007FAED1 /* Main.storyboard */ = {
			isa = PBXVariantGroup;
			children = (
				BED1DEC22BD4EE2F007FAED1 /* Base */,
			);
			name = Main.storyboard;
			sourceTree = "<group>";
		};
		BED1DEC62BD4EE30007FAED1 /* LaunchScreen.storyboard */ = {
			isa = PBXVariantGroup;
			children = (
				BED1DEC72BD4EE30007FAED1 /* Base */,
			);
			name = LaunchScreen.storyboard;
			sourceTree = "<group>";
		};
/* End PBXVariantGroup section */

/* Begin XCBuildConfiguration section */
		BED1DECA2BD4EE30007FAED1 /* Debug */ = {
			isa = XCBuildConfiguration;
			buildSettings = {
				ALWAYS_SEARCH_USER_PATHS = NO;
				ASSETCATALOG_COMPILER_GENERATE_SWIFT_ASSET_SYMBOL_EXTENSIONS = YES;
				CLANG_ANALYZER_NONNULL = YES;
				CLANG_ANALYZER_NUMBER_OBJECT_CONVERSION = YES_AGGRESSIVE;
				CLANG_CXX_LANGUAGE_STANDARD = "gnu++20";
				CLANG_ENABLE_MODULES = YES;
				CLANG_ENABLE_OBJC_ARC = YES;
				CLANG_ENABLE_OBJC_WEAK = YES;
				CLANG_WARN_BLOCK_CAPTURE_AUTORELEASING = YES;
				CLANG_WARN_BOOL_CONVERSION = YES;
				CLANG_WARN_COMMA = YES;
				CLANG_WARN_CONSTANT_CONVERSION = YES;
				CLANG_WARN_DEPRECATED_OBJC_IMPLEMENTATIONS = YES;
				CLANG_WARN_DIRECT_OBJC_ISA_USAGE = YES_ERROR;
				CLANG_WARN_DOCUMENTATION_COMMENTS = YES;
				CLANG_WARN_EMPTY_BODY = YES;
				CLANG_WARN_ENUM_CONVERSION = YES;
				CLANG_WARN_INFINITE_RECURSION = YES;
				CLANG_WARN_INT_CONVERSION = YES;
				CLANG_WARN_NON_LITERAL_NULL_CONVERSION = YES;
				CLANG_WARN_OBJC_IMPLICIT_RETAIN_SELF = YES;
				CLANG_WARN_OBJC_LITERAL_CONVERSION = YES;
				CLANG_WARN_OBJC_ROOT_CLASS = YES_ERROR;
				CLANG_WARN_QUOTED_INCLUDE_IN_FRAMEWORK_HEADER = YES;
				CLANG_WARN_RANGE_LOOP_ANALYSIS = YES;
				CLANG_WARN_STRICT_PROTOTYPES = YES;
				CLANG_WARN_SUSPICIOUS_MOVE = YES;
				CLANG_WARN_UNGUARDED_AVAILABILITY = YES_AGGRESSIVE;
				CLANG_WARN_UNREACHABLE_CODE = YES;
				CLANG_WARN__DUPLICATE_METHOD_MATCH = YES;
				COPY_PHASE_STRIP = NO;
				DEBUG_INFORMATION_FORMAT = dwarf;
				ENABLE_STRICT_OBJC_MSGSEND = YES;
				ENABLE_TESTABILITY = YES;
				ENABLE_USER_SCRIPT_SANDBOXING = YES;
				GCC_C_LANGUAGE_STANDARD = gnu17;
				GCC_DYNAMIC_NO_PIC = NO;
				GCC_NO_COMMON_BLOCKS = YES;
				GCC_OPTIMIZATION_LEVEL = 0;
				GCC_PREPROCESSOR_DEFINITIONS = (
					"DEBUG=1",
					"$(inherited)",
				);
				GCC_WARN_64_TO_32_BIT_CONVERSION = YES;
				GCC_WARN_ABOUT_RETURN_TYPE = YES_ERROR;
				GCC_WARN_UNDECLARED_SELECTOR = YES;
				GCC_WARN_UNINITIALIZED_AUTOS = YES_AGGRESSIVE;
				GCC_WARN_UNUSED_FUNCTION = YES;
				GCC_WARN_UNUSED_VARIABLE = YES;
				IPHONEOS_DEPLOYMENT_TARGET = 17.2;
				LOCALIZATION_PREFERS_STRING_CATALOGS = YES;
				MTL_ENABLE_DEBUG_INFO = INCLUDE_SOURCE;
				MTL_FAST_MATH = YES;
				ONLY_ACTIVE_ARCH = YES;
				SDKROOT = iphoneos;
				SWIFT_ACTIVE_COMPILATION_CONDITIONS = "DEBUG $(inherited)";
				SWIFT_OPTIMIZATION_LEVEL = "-Onone";
			};
			name = Debug;
		};
		BED1DECB2BD4EE30007FAED1 /* Release */ = {
			isa = XCBuildConfiguration;
			buildSettings = {
				ALWAYS_SEARCH_USER_PATHS = NO;
				ASSETCATALOG_COMPILER_GENERATE_SWIFT_ASSET_SYMBOL_EXTENSIONS = YES;
				CLANG_ANALYZER_NONNULL = YES;
				CLANG_ANALYZER_NUMBER_OBJECT_CONVERSION = YES_AGGRESSIVE;
				CLANG_CXX_LANGUAGE_STANDARD = "gnu++20";
				CLANG_ENABLE_MODULES = YES;
				CLANG_ENABLE_OBJC_ARC = YES;
				CLANG_ENABLE_OBJC_WEAK = YES;
				CLANG_WARN_BLOCK_CAPTURE_AUTORELEASING = YES;
				CLANG_WARN_BOOL_CONVERSION = YES;
				CLANG_WARN_COMMA = YES;
				CLANG_WARN_CONSTANT_CONVERSION = YES;
				CLANG_WARN_DEPRECATED_OBJC_IMPLEMENTATIONS = YES;
				CLANG_WARN_DIRECT_OBJC_ISA_USAGE = YES_ERROR;
				CLANG_WARN_DOCUMENTATION_COMMENTS = YES;
				CLANG_WARN_EMPTY_BODY = YES;
				CLANG_WARN_ENUM_CONVERSION = YES;
				CLANG_WARN_INFINITE_RECURSION = YES;
				CLANG_WARN_INT_CONVERSION = YES;
				CLANG_WARN_NON_LITERAL_NULL_CONVERSION = YES;
				CLANG_WARN_OBJC_IMPLICIT_RETAIN_SELF = YES;
				CLANG_WARN_OBJC_LITERAL_CONVERSION = YES;
				CLANG_WARN_OBJC_ROOT_CLASS = YES_ERROR;
				CLANG_WARN_QUOTED_INCLUDE_IN_FRAMEWORK_HEADER = YES;
				CLANG_WARN_RANGE_LOOP_ANALYSIS = YES;
				CLANG_WARN_STRICT_PROTOTYPES = YES;
				CLANG_WARN_SUSPICIOUS_MOVE = YES;
				CLANG_WARN_UNGUARDED_AVAILABILITY = YES_AGGRESSIVE;
				CLANG_WARN_UNREACHABLE_CODE = YES;
				CLANG_WARN__DUPLICATE_METHOD_MATCH = YES;
				COPY_PHASE_STRIP = NO;
				DEBUG_INFORMATION_FORMAT = "dwarf-with-dsym";
				ENABLE_NS_ASSERTIONS = NO;
				ENABLE_STRICT_OBJC_MSGSEND = YES;
				ENABLE_USER_SCRIPT_SANDBOXING = YES;
				GCC_C_LANGUAGE_STANDARD = gnu17;
				GCC_NO_COMMON_BLOCKS = YES;
				GCC_WARN_64_TO_32_BIT_CONVERSION = YES;
				GCC_WARN_ABOUT_RETURN_TYPE = YES_ERROR;
				GCC_WARN_UNDECLARED_SELECTOR = YES;
				GCC_WARN_UNINITIALIZED_AUTOS = YES_AGGRESSIVE;
				GCC_WARN_UNUSED_FUNCTION = YES;
				GCC_WARN_UNUSED_VARIABLE = YES;
				IPHONEOS_DEPLOYMENT_TARGET = 17.2;
				LOCALIZATION_PREFERS_STRING_CATALOGS = YES;
				MTL_ENABLE_DEBUG_INFO = NO;
				MTL_FAST_MATH = YES;
				SDKROOT = iphoneos;
				SWIFT_COMPILATION_MODE = wholemodule;
				VALIDATE_PRODUCT = YES;
			};
			name = Release;
		};
		BED1DECD2BD4EE30007FAED1 /* Debug */ = {
			isa = XCBuildConfiguration;
			buildSettings = {
				ASSETCATALOG_COMPILER_APPICON_NAME = AppIcon;
				ASSETCATALOG_COMPILER_GLOBAL_ACCENT_COLOR_NAME = AccentColor;
				CODE_SIGN_STYLE = Automatic;
				CURRENT_PROJECT_VERSION = 1;
				DEVELOPMENT_TEAM = 98X9DUC89A;
				GENERATE_INFOPLIST_FILE = YES;
				INFOPLIST_FILE = MVVMCPattern/Info.plist;
				INFOPLIST_KEY_UIApplicationSupportsIndirectInputEvents = YES;
				INFOPLIST_KEY_UILaunchStoryboardName = LaunchScreen;
				INFOPLIST_KEY_UIMainStoryboardFile = Main;
				INFOPLIST_KEY_UISupportedInterfaceOrientations_iPad = "UIInterfaceOrientationPortrait UIInterfaceOrientationPortraitUpsideDown UIInterfaceOrientationLandscapeLeft UIInterfaceOrientationLandscapeRight";
				INFOPLIST_KEY_UISupportedInterfaceOrientations_iPhone = "UIInterfaceOrientationPortrait UIInterfaceOrientationLandscapeLeft UIInterfaceOrientationLandscapeRight";
				LD_RUNPATH_SEARCH_PATHS = (
					"$(inherited)",
					"@executable_path/Frameworks",
				);
				MARKETING_VERSION = 1.0;
				PRODUCT_BUNDLE_IDENTIFIER = com.gv.learning.MVVMCPattern;
				PRODUCT_NAME = "$(TARGET_NAME)";
				SWIFT_EMIT_LOC_STRINGS = YES;
				SWIFT_VERSION = 5.0;
				TARGETED_DEVICE_FAMILY = "1,2";
			};
			name = Debug;
		};
		BED1DECE2BD4EE30007FAED1 /* Release */ = {
			isa = XCBuildConfiguration;
			buildSettings = {
				ASSETCATALOG_COMPILER_APPICON_NAME = AppIcon;
				ASSETCATALOG_COMPILER_GLOBAL_ACCENT_COLOR_NAME = AccentColor;
				CODE_SIGN_STYLE = Automatic;
				CURRENT_PROJECT_VERSION = 1;
				DEVELOPMENT_TEAM = 98X9DUC89A;
				GENERATE_INFOPLIST_FILE = YES;
				INFOPLIST_FILE = MVVMCPattern/Info.plist;
				INFOPLIST_KEY_UIApplicationSupportsIndirectInputEvents = YES;
				INFOPLIST_KEY_UILaunchStoryboardName = LaunchScreen;
				INFOPLIST_KEY_UIMainStoryboardFile = Main;
				INFOPLIST_KEY_UISupportedInterfaceOrientations_iPad = "UIInterfaceOrientationPortrait UIInterfaceOrientationPortraitUpsideDown UIInterfaceOrientationLandscapeLeft UIInterfaceOrientationLandscapeRight";
				INFOPLIST_KEY_UISupportedInterfaceOrientations_iPhone = "UIInterfaceOrientationPortrait UIInterfaceOrientationLandscapeLeft UIInterfaceOrientationLandscapeRight";
				LD_RUNPATH_SEARCH_PATHS = (
					"$(inherited)",
					"@executable_path/Frameworks",
				);
				MARKETING_VERSION = 1.0;
				PRODUCT_BUNDLE_IDENTIFIER = com.gv.learning.MVVMCPattern;
				PRODUCT_NAME = "$(TARGET_NAME)";
				SWIFT_EMIT_LOC_STRINGS = YES;
				SWIFT_VERSION = 5.0;
				TARGETED_DEVICE_FAMILY = "1,2";
			};
			name = Release;
		};
/* End XCBuildConfiguration section */

/* Begin XCConfigurationList section */
		BED1DEB32BD4EE2F007FAED1 /* Build configuration list for PBXProject "MVVMCPattern" */ = {
			isa = XCConfigurationList;
			buildConfigurations = (
				BED1DECA2BD4EE30007FAED1 /* Debug */,
				BED1DECB2BD4EE30007FAED1 /* Release */,
			);
			defaultConfigurationIsVisible = 0;
			defaultConfigurationName = Release;
		};
		BED1DECC2BD4EE30007FAED1 /* Build configuration list for PBXNativeTarget "MVVMCPattern" */ = {
			isa = XCConfigurationList;
			buildConfigurations = (
				BED1DECD2BD4EE30007FAED1 /* Debug */,
				BED1DECE2BD4EE30007FAED1 /* Release */,
			);
			defaultConfigurationIsVisible = 0;
			defaultConfigurationName = Release;
		};
/* End XCConfigurationList section */
	};
	rootObject = BED1DEB02BD4EE2F007FAED1 /* Project object */;
}
